
Microsoft Visual Studio Solution File, Format Version 12.00
# Visual Studio Version 16
VisualStudioVersion = 16.0.32901.82
MinimumVisualStudioVersion = 10.0.40219.1
Project("{8BC9CEB8-8B4A-11D0-8D11-00A0C91BC942}") = "Day2", "Day2\Day2.vcxproj", "{16240AF1-B7F0-4E54-9AA3-8BBC542C7099}"
EndProject
Project("{8BC9CEB8-8B4A-11D0-8D11-00A0C91BC942}") = "Day3", "Day3\Day3.vcxproj", "{F4D7308D-EE5F-40A1-9B46-5980BD61B870}"
EndProject
Project("{8BC9CEB8-8B4A-11D0-8D11-00A0C91BC942}") = "Day4", "Day4\Day4.vcxproj", "{EDA27A26-00F1-4974-8893-EB68A0E9CF80}"
EndProject
Project("{8BC9CEB8-8B4A-11D0-8D11-00A0C91BC942}") = "Day5", "Day5\Day5.vcxproj", "{CCE44E39-C557-4179-AEAA-633405C9C3E8}"
EndProject
Project("{8BC9CEB8-8B4A-11D0-8D11-00A0C91BC942}") = "Day6", "Day6\Day6.vcxproj", "{13C2500A-073B-4093-84EE-46C62D757FC6}"
EndProject
Project("{8BC9CEB8-8B4A-11D0-8D11-00A0C91BC942}") = "Day7", "Day7\Day7.vcxproj", "{EF2B7D84-F802-4931-95C2-175055556A7C}"
EndProject
Project("{8BC9CEB8-8B4A-11D0-8D11-00A0C91BC942}") = "Day8", "Day8\Day8.vcxproj", "{86BA7D32-AA03-46B8-8AE3-424776F176B7}"
EndProject
Project("{8BC9CEB8-8B4A-11D0-8D11-00A0C91BC942}") = "Day9", "Day9\Day9.vcxproj", "{1F910810-D58E-4CAF-A1D5-1C1C7C251F29}"
EndProject
Project("{8BC9CEB8-8B4A-11D0-8D11-00A0C91BC942}") = "Day10", "Day10\Day10.vcxproj", "{E5A1C09C-91D9-4F45-939C-265FBFC76A57}"
EndProject
Project("{8BC9CEB8-8B4A-11D0-8D11-00A0C91BC942}") = "Day11", "Day11\Day11.vcxproj", "{3C748C9B-4692-4DCA-83AE-E81D53939971}"
EndProject
Project("{8BC9CEB8-8B4A-11D0-8D11-00A0C91BC942}") = "Day12", "Day12\Day12.vcxproj", "{4B87DB9E-5135-4851-B626-9A4F480D1C52}"
EndProject
Project("{8BC9CEB8-8B4A-11D0-8D11-00A0C91BC942}") = "Day14", "Day14\Day14.vcxproj", "{8CE673E1-1233-484F-97C8-AD3F0232BC5D}"
EndProject
Project("{8BC9CEB8-8B4A-11D0-8D11-00A0C91BC942}") = "Day13", "Day13\Day13.vcxproj", "{70089409-CA7D-439C-9322-0BBD2BB69FD8}"
EndProject
Project("{8BC9CEB8-8B4A-11D0-8D11-00A0C91BC942}") = "Day15", "Day15\Day15.vcxproj", "{C7901AE7-EDDE-4CB4-8C10-04146128E8A7}"
EndProject
Project("{8BC9CEB8-8B4A-11D0-8D11-00A0C91BC942}") = "Day17", "Day17\Day17.vcxproj", "{C906C7E6-D724-4322-BFE3-D35B8DE6BF24}"
EndProject
Project("{8BC9CEB8-8B4A-11D0-8D11-00A0C91BC942}") = "Day18", "Day18\Day18.vcxproj", "{49B6AF6D-B67E-46C3-90FA-94AC4AE45567}"
EndProject
Project("{8BC9CEB8-8B4A-11D0-8D11-00A0C91BC942}") = "Day20", "Day20\Day20.vcxproj", "{5D69A26E-5627-437C-B1C3-0452499ACD5E}"
EndProject
Project("{8BC9CEB8-8B4A-11D0-8D11-00A0C91BC942}") = "Day21", "Day21\Day21.vcxproj", "{12646FE4-9586-44A1-92EE-C0EEB54D23D7}"
EndProject
Project("{8BC9CEB8-8B4A-11D0-8D11-00A0C91BC942}") = "Day22", "Day22\Day22.vcxproj", "{56DAD4A5-2F23-4250-B2BA-33FF854DF172}"
EndProject
Project("{8BC9CEB8-8B4A-11D0-8D11-00A0C91BC942}") = "Day23", "Day23\Day23.vcxproj", "{713ABBA3-0D88-4049-9D53-015733251C0F}"
EndProject
Project("{8BC9CEB8-8B4A-11D0-8D11-00A0C91BC942}") = "Day24", "Day24\Day24.vcxproj", "{2DC1BDE3-5C0E-4B9E-884E-31478244323C}"
EndProject
Project("{8BC9CEB8-8B4A-11D0-8D11-00A0C91BC942}") = "Day16", "Day16\Day16.vcxproj", "{30B10E81-A404-4C94-B65D-FEB9A2C78663}"
EndProject
Global
	GlobalSection(SolutionConfigurationPlatforms) = preSolution
		Debug|x64 = Debug|x64
		Debug|x86 = Debug|x86
		Release|x64 = Release|x64
		Release|x86 = Release|x86
	EndGlobalSection
	GlobalSection(ProjectConfigurationPlatforms) = postSolution
		{16240AF1-B7F0-4E54-9AA3-8BBC542C7099}.Debug|x64.ActiveCfg = Debug|x64
		{16240AF1-B7F0-4E54-9AA3-8BBC542C7099}.Debug|x64.Build.0 = Debug|x64
		{16240AF1-B7F0-4E54-9AA3-8BBC542C7099}.Debug|x86.ActiveCfg = Debug|Win32
		{16240AF1-B7F0-4E54-9AA3-8BBC542C7099}.Debug|x86.Build.0 = Debug|Win32
		{16240AF1-B7F0-4E54-9AA3-8BBC542C7099}.Release|x64.ActiveCfg = Release|x64
		{16240AF1-B7F0-4E54-9AA3-8BBC542C7099}.Release|x64.Build.0 = Release|x64
		{16240AF1-B7F0-4E54-9AA3-8BBC542C7099}.Release|x86.ActiveCfg = Release|Win32
		{16240AF1-B7F0-4E54-9AA3-8BBC542C7099}.Release|x86.Build.0 = Release|Win32
		{F4D7308D-EE5F-40A1-9B46-5980BD61B870}.Debug|x64.ActiveCfg = Debug|x64
		{F4D7308D-EE5F-40A1-9B46-5980BD61B870}.Debug|x64.Build.0 = Debug|x64
		{F4D7308D-EE5F-40A1-9B46-5980BD61B870}.Debug|x86.ActiveCfg = Debug|Win32
		{F4D7308D-EE5F-40A1-9B46-5980BD61B870}.Debug|x86.Build.0 = Debug|Win32
		{F4D7308D-EE5F-40A1-9B46-5980BD61B870}.Release|x64.ActiveCfg = Release|x64
		{F4D7308D-EE5F-40A1-9B46-5980BD61B870}.Release|x64.Build.0 = Release|x64
		{F4D7308D-EE5F-40A1-9B46-5980BD61B870}.Release|x86.ActiveCfg = Release|Win32
		{F4D7308D-EE5F-40A1-9B46-5980BD61B870}.Release|x86.Build.0 = Release|Win32
		{EDA27A26-00F1-4974-8893-EB68A0E9CF80}.Debug|x64.ActiveCfg = Debug|x64
		{EDA27A26-00F1-4974-8893-EB68A0E9CF80}.Debug|x64.Build.0 = Debug|x64
		{EDA27A26-00F1-4974-8893-EB68A0E9CF80}.Debug|x86.ActiveCfg = Debug|Win32
		{EDA27A26-00F1-4974-8893-EB68A0E9CF80}.Debug|x86.Build.0 = Debug|Win32
		{EDA27A26-00F1-4974-8893-EB68A0E9CF80}.Release|x64.ActiveCfg = Release|x64
		{EDA27A26-00F1-4974-8893-EB68A0E9CF80}.Release|x64.Build.0 = Release|x64
		{EDA27A26-00F1-4974-8893-EB68A0E9CF80}.Release|x86.ActiveCfg = Release|Win32
		{EDA27A26-00F1-4974-8893-EB68A0E9CF80}.Release|x86.Build.0 = Release|Win32
		{CCE44E39-C557-4179-AEAA-633405C9C3E8}.Debug|x64.ActiveCfg = Debug|x64
		{CCE44E39-C557-4179-AEAA-633405C9C3E8}.Debug|x64.Build.0 = Debug|x64
		{CCE44E39-C557-4179-AEAA-633405C9C3E8}.Debug|x86.ActiveCfg = Debug|Win32
		{CCE44E39-C557-4179-AEAA-633405C9C3E8}.Debug|x86.Build.0 = Debug|Win32
		{CCE44E39-C557-4179-AEAA-633405C9C3E8}.Release|x64.ActiveCfg = Release|x64
		{CCE44E39-C557-4179-AEAA-633405C9C3E8}.Release|x64.Build.0 = Release|x64
		{CCE44E39-C557-4179-AEAA-633405C9C3E8}.Release|x86.ActiveCfg = Release|Win32
		{CCE44E39-C557-4179-AEAA-633405C9C3E8}.Release|x86.Build.0 = Release|Win32
		{13C2500A-073B-4093-84EE-46C62D757FC6}.Debug|x64.ActiveCfg = Debug|x64
		{13C2500A-073B-4093-84EE-46C62D757FC6}.Debug|x64.Build.0 = Debug|x64
		{13C2500A-073B-4093-84EE-46C62D757FC6}.Debug|x86.ActiveCfg = Debug|Win32
		{13C2500A-073B-4093-84EE-46C62D757FC6}.Debug|x86.Build.0 = Debug|Win32
		{13C2500A-073B-4093-84EE-46C62D757FC6}.Release|x64.ActiveCfg = Release|x64
		{13C2500A-073B-4093-84EE-46C62D757FC6}.Release|x64.Build.0 = Release|x64
		{13C2500A-073B-4093-84EE-46C62D757FC6}.Release|x86.ActiveCfg = Release|Win32
		{13C2500A-073B-4093-84EE-46C62D757FC6}.Release|x86.Build.0 = Release|Win32
		{EF2B7D84-F802-4931-95C2-175055556A7C}.Debug|x64.ActiveCfg = Debug|x64
		{EF2B7D84-F802-4931-95C2-175055556A7C}.Debug|x64.Build.0 = Debug|x64
		{EF2B7D84-F802-4931-95C2-175055556A7C}.Debug|x86.ActiveCfg = Debug|Win32
		{EF2B7D84-F802-4931-95C2-175055556A7C}.Debug|x86.Build.0 = Debug|Win32
		{EF2B7D84-F802-4931-95C2-175055556A7C}.Release|x64.ActiveCfg = Release|x64
		{EF2B7D84-F802-4931-95C2-175055556A7C}.Release|x64.Build.0 = Release|x64
		{EF2B7D84-F802-4931-95C2-175055556A7C}.Release|x86.ActiveCfg = Release|Win32
		{EF2B7D84-F802-4931-95C2-175055556A7C}.Release|x86.Build.0 = Release|Win32
		{86BA7D32-AA03-46B8-8AE3-424776F176B7}.Debug|x64.ActiveCfg = Debug|x64
		{86BA7D32-AA03-46B8-8AE3-424776F176B7}.Debug|x64.Build.0 = Debug|x64
		{86BA7D32-AA03-46B8-8AE3-424776F176B7}.Debug|x86.ActiveCfg = Debug|Win32
		{86BA7D32-AA03-46B8-8AE3-424776F176B7}.Debug|x86.Build.0 = Debug|Win32
		{86BA7D32-AA03-46B8-8AE3-424776F176B7}.Release|x64.ActiveCfg = Release|x64
		{86BA7D32-AA03-46B8-8AE3-424776F176B7}.Release|x64.Build.0 = Release|x64
		{86BA7D32-AA03-46B8-8AE3-424776F176B7}.Release|x86.ActiveCfg = Release|Win32
		{86BA7D32-AA03-46B8-8AE3-424776F176B7}.Release|x86.Build.0 = Release|Win32
		{1F910810-D58E-4CAF-A1D5-1C1C7C251F29}.Debug|x64.ActiveCfg = Debug|x64
		{1F910810-D58E-4CAF-A1D5-1C1C7C251F29}.Debug|x64.Build.0 = Debug|x64
		{1F910810-D58E-4CAF-A1D5-1C1C7C251F29}.Debug|x86.ActiveCfg = Debug|Win32
		{1F910810-D58E-4CAF-A1D5-1C1C7C251F29}.Debug|x86.Build.0 = Debug|Win32
		{1F910810-D58E-4CAF-A1D5-1C1C7C251F29}.Release|x64.ActiveCfg = Release|x64
		{1F910810-D58E-4CAF-A1D5-1C1C7C251F29}.Release|x64.Build.0 = Release|x64
		{1F910810-D58E-4CAF-A1D5-1C1C7C251F29}.Release|x86.ActiveCfg = Release|Win32
		{1F910810-D58E-4CAF-A1D5-1C1C7C251F29}.Release|x86.Build.0 = Release|Win32
		{E5A1C09C-91D9-4F45-939C-265FBFC76A57}.Debug|x64.ActiveCfg = Debug|x64
		{E5A1C09C-91D9-4F45-939C-265FBFC76A57}.Debug|x64.Build.0 = Debug|x64
		{E5A1C09C-91D9-4F45-939C-265FBFC76A57}.Debug|x86.ActiveCfg = Debug|Win32
		{E5A1C09C-91D9-4F45-939C-265FBFC76A57}.Debug|x86.Build.0 = Debug|Win32
		{E5A1C09C-91D9-4F45-939C-265FBFC76A57}.Release|x64.ActiveCfg = Release|x64
		{E5A1C09C-91D9-4F45-939C-265FBFC76A57}.Release|x64.Build.0 = Release|x64
		{E5A1C09C-91D9-4F45-939C-265FBFC76A57}.Release|x86.ActiveCfg = Release|Win32
		{E5A1C09C-91D9-4F45-939C-265FBFC76A57}.Release|x86.Build.0 = Release|Win32
		{3C748C9B-4692-4DCA-83AE-E81D53939971}.Debug|x64.ActiveCfg = Debug|x64
		{3C748C9B-4692-4DCA-83AE-E81D53939971}.Debug|x64.Build.0 = Debug|x64
		{3C748C9B-4692-4DCA-83AE-E81D53939971}.Debug|x86.ActiveCfg = Debug|Win32
		{3C748C9B-4692-4DCA-83AE-E81D53939971}.Debug|x86.Build.0 = Debug|Win32
		{3C748C9B-4692-4DCA-83AE-E81D53939971}.Release|x64.ActiveCfg = Release|x64
		{3C748C9B-4692-4DCA-83AE-E81D53939971}.Release|x64.Build.0 = Release|x64
		{3C748C9B-4692-4DCA-83AE-E81D53939971}.Release|x86.ActiveCfg = Release|Win32
		{3C748C9B-4692-4DCA-83AE-E81D53939971}.Release|x86.Build.0 = Release|Win32
		{4B87DB9E-5135-4851-B626-9A4F480D1C52}.Debug|x64.ActiveCfg = Debug|x64
		{4B87DB9E-5135-4851-B626-9A4F480D1C52}.Debug|x64.Build.0 = Debug|x64
		{4B87DB9E-5135-4851-B626-9A4F480D1C52}.Debug|x86.ActiveCfg = Debug|Win32
		{4B87DB9E-5135-4851-B626-9A4F480D1C52}.Debug|x86.Build.0 = Debug|Win32
		{4B87DB9E-5135-4851-B626-9A4F480D1C52}.Release|x64.ActiveCfg = Release|x64
		{4B87DB9E-5135-4851-B626-9A4F480D1C52}.Release|x64.Build.0 = Release|x64
		{4B87DB9E-5135-4851-B626-9A4F480D1C52}.Release|x86.ActiveCfg = Release|Win32
		{4B87DB9E-5135-4851-B626-9A4F480D1C52}.Release|x86.Build.0 = Release|Win32
		{8CE673E1-1233-484F-97C8-AD3F0232BC5D}.Debug|x64.ActiveCfg = Debug|x64
		{8CE673E1-1233-484F-97C8-AD3F0232BC5D}.Debug|x64.Build.0 = Debug|x64
		{8CE673E1-1233-484F-97C8-AD3F0232BC5D}.Debug|x86.ActiveCfg = Debug|Win32
		{8CE673E1-1233-484F-97C8-AD3F0232BC5D}.Debug|x86.Build.0 = Debug|Win32
		{8CE673E1-1233-484F-97C8-AD3F0232BC5D}.Release|x64.ActiveCfg = Release|x64
		{8CE673E1-1233-484F-97C8-AD3F0232BC5D}.Release|x64.Build.0 = Release|x64
		{8CE673E1-1233-484F-97C8-AD3F0232BC5D}.Release|x86.ActiveCfg = Release|Win32
		{8CE673E1-1233-484F-97C8-AD3F0232BC5D}.Release|x86.Build.0 = Release|Win32
		{70089409-CA7D-439C-9322-0BBD2BB69FD8}.Debug|x64.ActiveCfg = Debug|x64
		{70089409-CA7D-439C-9322-0BBD2BB69FD8}.Debug|x64.Build.0 = Debug|x64
		{70089409-CA7D-439C-9322-0BBD2BB69FD8}.Debug|x86.ActiveCfg = Debug|Win32
		{70089409-CA7D-439C-9322-0BBD2BB69FD8}.Debug|x86.Build.0 = Debug|Win32
		{70089409-CA7D-439C-9322-0BBD2BB69FD8}.Release|x64.ActiveCfg = Release|x64
		{70089409-CA7D-439C-9322-0BBD2BB69FD8}.Release|x64.Build.0 = Release|x64
		{70089409-CA7D-439C-9322-0BBD2BB69FD8}.Release|x86.ActiveCfg = Release|Win32
		{70089409-CA7D-439C-9322-0BBD2BB69FD8}.Release|x86.Build.0 = Release|Win32
		{C7901AE7-EDDE-4CB4-8C10-04146128E8A7}.Debug|x64.ActiveCfg = Debug|x64
		{C7901AE7-EDDE-4CB4-8C10-04146128E8A7}.Debug|x64.Build.0 = Debug|x64
		{C7901AE7-EDDE-4CB4-8C10-04146128E8A7}.Debug|x86.ActiveCfg = Debug|Win32
		{C7901AE7-EDDE-4CB4-8C10-04146128E8A7}.Debug|x86.Build.0 = Debug|Win32
		{C7901AE7-EDDE-4CB4-8C10-04146128E8A7}.Release|x64.ActiveCfg = Release|x64
		{C7901AE7-EDDE-4CB4-8C10-04146128E8A7}.Release|x64.Build.0 = Release|x64
		{C7901AE7-EDDE-4CB4-8C10-04146128E8A7}.Release|x86.ActiveCfg = Release|Win32
		{C7901AE7-EDDE-4CB4-8C10-04146128E8A7}.Release|x86.Build.0 = Release|Win32
		{C906C7E6-D724-4322-BFE3-D35B8DE6BF24}.Debug|x64.ActiveCfg = Debug|x64
		{C906C7E6-D724-4322-BFE3-D35B8DE6BF24}.Debug|x64.Build.0 = Debug|x64
		{C906C7E6-D724-4322-BFE3-D35B8DE6BF24}.Debug|x86.ActiveCfg = Debug|Win32
		{C906C7E6-D724-4322-BFE3-D35B8DE6BF24}.Debug|x86.Build.0 = Debug|Win32
		{C906C7E6-D724-4322-BFE3-D35B8DE6BF24}.Release|x64.ActiveCfg = Release|x64
		{C906C7E6-D724-4322-BFE3-D35B8DE6BF24}.Release|x64.Build.0 = Release|x64
		{C906C7E6-D724-4322-BFE3-D35B8DE6BF24}.Release|x86.ActiveCfg = Release|Win32
		{C906C7E6-D724-4322-BFE3-D35B8DE6BF24}.Release|x86.Build.0 = Release|Win32
		{49B6AF6D-B67E-46C3-90FA-94AC4AE45567}.Debug|x64.ActiveCfg = Debug|x64
		{49B6AF6D-B67E-46C3-90FA-94AC4AE45567}.Debug|x64.Build.0 = Debug|x64
		{49B6AF6D-B67E-46C3-90FA-94AC4AE45567}.Debug|x86.ActiveCfg = Debug|Win32
		{49B6AF6D-B67E-46C3-90FA-94AC4AE45567}.Debug|x86.Build.0 = Debug|Win32
		{49B6AF6D-B67E-46C3-90FA-94AC4AE45567}.Release|x64.ActiveCfg = Release|x64
		{49B6AF6D-B67E-46C3-90FA-94AC4AE45567}.Release|x64.Build.0 = Release|x64
		{49B6AF6D-B67E-46C3-90FA-94AC4AE45567}.Release|x86.ActiveCfg = Release|Win32
		{49B6AF6D-B67E-46C3-90FA-94AC4AE45567}.Release|x86.Build.0 = Release|Win32
		{5D69A26E-5627-437C-B1C3-0452499ACD5E}.Debug|x64.ActiveCfg = Debug|x64
		{5D69A26E-5627-437C-B1C3-0452499ACD5E}.Debug|x64.Build.0 = Debug|x64
		{5D69A26E-5627-437C-B1C3-0452499ACD5E}.Debug|x86.ActiveCfg = Debug|Win32
		{5D69A26E-5627-437C-B1C3-0452499ACD5E}.Debug|x86.Build.0 = Debug|Win32
		{5D69A26E-5627-437C-B1C3-0452499ACD5E}.Release|x64.ActiveCfg = Release|x64
		{5D69A26E-5627-437C-B1C3-0452499ACD5E}.Release|x64.Build.0 = Release|x64
		{5D69A26E-5627-437C-B1C3-0452499ACD5E}.Release|x86.ActiveCfg = Release|Win32
		{5D69A26E-5627-437C-B1C3-0452499ACD5E}.Release|x86.Build.0 = Release|Win32
		{12646FE4-9586-44A1-92EE-C0EEB54D23D7}.Debug|x64.ActiveCfg = Debug|x64
		{12646FE4-9586-44A1-92EE-C0EEB54D23D7}.Debug|x64.Build.0 = Debug|x64
		{12646FE4-9586-44A1-92EE-C0EEB54D23D7}.Debug|x86.ActiveCfg = Debug|Win32
		{12646FE4-9586-44A1-92EE-C0EEB54D23D7}.Debug|x86.Build.0 = Debug|Win32
		{12646FE4-9586-44A1-92EE-C0EEB54D23D7}.Release|x64.ActiveCfg = Release|x64
		{12646FE4-9586-44A1-92EE-C0EEB54D23D7}.Release|x64.Build.0 = Release|x64
		{12646FE4-9586-44A1-92EE-C0EEB54D23D7}.Release|x86.ActiveCfg = Release|Win32
		{12646FE4-9586-44A1-92EE-C0EEB54D23D7}.Release|x86.Build.0 = Release|Win32
		{56DAD4A5-2F23-4250-B2BA-33FF854DF172}.Debug|x64.ActiveCfg = Debug|x64
		{56DAD4A5-2F23-4250-B2BA-33FF854DF172}.Debug|x64.Build.0 = Debug|x64
		{56DAD4A5-2F23-4250-B2BA-33FF854DF172}.Debug|x86.ActiveCfg = Debug|Win32
		{56DAD4A5-2F23-4250-B2BA-33FF854DF172}.Debug|x86.Build.0 = Debug|Win32
		{56DAD4A5-2F23-4250-B2BA-33FF854DF172}.Release|x64.ActiveCfg = Release|x64
		{56DAD4A5-2F23-4250-B2BA-33FF854DF172}.Release|x64.Build.0 = Release|x64
		{56DAD4A5-2F23-4250-B2BA-33FF854DF172}.Release|x86.ActiveCfg = Release|Win32
		{56DAD4A5-2F23-4250-B2BA-33FF854DF172}.Release|x86.Build.0 = Release|Win32
		{713ABBA3-0D88-4049-9D53-015733251C0F}.Debug|x64.ActiveCfg = Debug|x64
		{713ABBA3-0D88-4049-9D53-015733251C0F}.Debug|x64.Build.0 = Debug|x64
		{713ABBA3-0D88-4049-9D53-015733251C0F}.Debug|x86.ActiveCfg = Debug|Win32
		{713ABBA3-0D88-4049-9D53-015733251C0F}.Debug|x86.Build.0 = Debug|Win32
		{713ABBA3-0D88-4049-9D53-015733251C0F}.Release|x64.ActiveCfg = Release|x64
		{713ABBA3-0D88-4049-9D53-015733251C0F}.Release|x64.Build.0 = Release|x64
		{713ABBA3-0D88-4049-9D53-015733251C0F}.Release|x86.ActiveCfg = Release|Win32
		{713ABBA3-0D88-4049-9D53-015733251C0F}.Release|x86.Build.0 = Release|Win32
		{2DC1BDE3-5C0E-4B9E-884E-31478244323C}.Debug|x64.ActiveCfg = Debug|x64
		{2DC1BDE3-5C0E-4B9E-884E-31478244323C}.Debug|x64.Build.0 = Debug|x64
		{2DC1BDE3-5C0E-4B9E-884E-31478244323C}.Debug|x86.ActiveCfg = Debug|Win32
		{2DC1BDE3-5C0E-4B9E-884E-31478244323C}.Debug|x86.Build.0 = Debug|Win32
		{2DC1BDE3-5C0E-4B9E-884E-31478244323C}.Release|x64.ActiveCfg = Release|x64
		{2DC1BDE3-5C0E-4B9E-884E-31478244323C}.Release|x64.Build.0 = Release|x64
		{2DC1BDE3-5C0E-4B9E-884E-31478244323C}.Release|x86.ActiveCfg = Release|Win32
		{2DC1BDE3-5C0E-4B9E-884E-31478244323C}.Release|x86.Build.0 = Release|Win32
		{30B10E81-A404-4C94-B65D-FEB9A2C78663}.Debug|x64.ActiveCfg = Debug|x64
		{30B10E81-A404-4C94-B65D-FEB9A2C78663}.Debug|x64.Build.0 = Debug|x64
		{30B10E81-A404-4C94-B65D-FEB9A2C78663}.Debug|x86.ActiveCfg = Debug|Win32
		{30B10E81-A404-4C94-B65D-FEB9A2C78663}.Debug|x86.Build.0 = Debug|Win32
		{30B10E81-A404-4C94-B65D-FEB9A2C78663}.Release|x64.ActiveCfg = Release|x64
		{30B10E81-A404-4C94-B65D-FEB9A2C78663}.Release|x64.Build.0 = Release|x64
		{30B10E81-A404-4C94-B65D-FEB9A2C78663}.Release|x86.ActiveCfg = Release|Win32
		{30B10E81-A404-4C94-B65D-FEB9A2C78663}.Release|x86.Build.0 = Release|Win32
	EndGlobalSection
	GlobalSection(SolutionProperties) = preSolution
		HideSolutionNode = FALSE
	EndGlobalSection
	GlobalSection(ExtensibilityGlobals) = postSolution
		SolutionGuid = {B065FC29-C603-4315-A16F-81F0D323A743}
	EndGlobalSection
EndGlobal
