
Microsoft Visual Studio Solution File, Format Version 12.00
# Visual Studio Version 16
VisualStudioVersion = 16.0.32901.82
MinimumVisualStudioVersion = 10.0.40219.1
Project("{8BC9CEB8-8B4A-11D0-8D11-00A0C91BC942}") = "Day2", "Day2\Day2.vcxproj", "{16240AF1-B7F0-4E54-9AA3-8BBC542C7099}"
EndProject
Project("{8BC9CEB8-8B4A-11D0-8D11-00A0C91BC942}") = "Day3", "Day3\Day3.vcxproj", "{F4D7308D-EE5F-40A1-9B46-5980BD61B870}"
EndProject
Project("{8BC9CEB8-8B4A-11D0-8D11-00A0C91BC942}") = "Day4", "Day4\Day4.vcxproj", "{EDA27A26-00F1-4974-8893-EB68A0E9CF80}"
EndProject
Project("{8BC9CEB8-8B4A-11D0-8D11-00A0C91BC942}") = "Day5", "Day5\Day5.vcxproj", "{CCE44E39-C557-4179-AEAA-633405C9C3E8}"
EndProject
Project("{8BC9CEB8-8B4A-11D0-8D11-00A0C91BC942}") = "Day6", "Day6\Day6.vcxproj", "{13C2500A-073B-4093-84EE-46C62D757FC6}"
EndProject
Project("{8BC9CEB8-8B4A-11D0-8D11-00A0C91BC942}") = "Day7", "Day7\Day7.vcxproj", "{EF2B7D84-F802-4931-95C2-175055556A7C}"
EndProject
Project("{8BC9CEB8-8B4A-11D0-8D11-00A0C91BC942}") = "Day8", "Day8\Day8.vcxproj", "{86BA7D32-AA03-46B8-8AE3-424776F176B7}"
EndProject
Project("{8BC9CEB8-8B4A-11D0-8D11-00A0C91BC942}") = "Day9", "Day9\Day9.vcxproj", "{1F910810-D58E-4CAF-A1D5-1C1C7C251F29}"
EndProject
Project("{8BC9CEB8-8B4A-11D0-8D11-00A0C91BC942}") = "Day10", "Day10\Day10.vcxproj", "{E5A1C09C-91D9-4F45-939C-265FBFC76A57}"
EndProject
Global
	GlobalSection(SolutionConfigurationPlatforms) = preSolution
		Debug|x64 = Debug|x64
		Debug|x86 = Debug|x86
		Release|x64 = Release|x64
		Release|x86 = Release|x86
	EndGlobalSection
	GlobalSection(ProjectConfigurationPlatforms) = postSolution
		{16240AF1-B7F0-4E54-9AA3-8BBC542C7099}.Debug|x64.ActiveCfg = Debug|x64
		{16240AF1-B7F0-4E54-9AA3-8BBC542C7099}.Debug|x64.Build.0 = Debug|x64
		{16240AF1-B7F0-4E54-9AA3-8BBC542C7099}.Debug|x86.ActiveCfg = Debug|Win32
		{16240AF1-B7F0-4E54-9AA3-8BBC542C7099}.Debug|x86.Build.0 = Debug|Win32
		{16240AF1-B7F0-4E54-9AA3-8BBC542C7099}.Release|x64.ActiveCfg = Release|x64
		{16240AF1-B7F0-4E54-9AA3-8BBC542C7099}.Release|x64.Build.0 = Release|x64
		{16240AF1-B7F0-4E54-9AA3-8BBC542C7099}.Release|x86.ActiveCfg = Release|Win32
		{16240AF1-B7F0-4E54-9AA3-8BBC542C7099}.Release|x86.Build.0 = Release|Win32
		{F4D7308D-EE5F-40A1-9B46-5980BD61B870}.Debug|x64.ActiveCfg = Debug|x64
		{F4D7308D-EE5F-40A1-9B46-5980BD61B870}.Debug|x64.Build.0 = Debug|x64
		{F4D7308D-EE5F-40A1-9B46-5980BD61B870}.Debug|x86.ActiveCfg = Debug|Win32
		{F4D7308D-EE5F-40A1-9B46-5980BD61B870}.Debug|x86.Build.0 = Debug|Win32
		{F4D7308D-EE5F-40A1-9B46-5980BD61B870}.Release|x64.ActiveCfg = Release|x64
		{F4D7308D-EE5F-40A1-9B46-5980BD61B870}.Release|x64.Build.0 = Release|x64
		{F4D7308D-EE5F-40A1-9B46-5980BD61B870}.Release|x86.ActiveCfg = Release|Win32
		{F4D7308D-EE5F-40A1-9B46-5980BD61B870}.Release|x86.Build.0 = Release|Win32
		{EDA27A26-00F1-4974-8893-EB68A0E9CF80}.Debug|x64.ActiveCfg = Debug|x64
		{EDA27A26-00F1-4974-8893-EB68A0E9CF80}.Debug|x64.Build.0 = Debug|x64
		{EDA27A26-00F1-4974-8893-EB68A0E9CF80}.Debug|x86.ActiveCfg = Debug|Win32
		{EDA27A26-00F1-4974-8893-EB68A0E9CF80}.Debug|x86.Build.0 = Debug|Win32
		{EDA27A26-00F1-4974-8893-EB68A0E9CF80}.Release|x64.ActiveCfg = Release|x64
		{EDA27A26-00F1-4974-8893-EB68A0E9CF80}.Release|x64.Build.0 = Release|x64
		{EDA27A26-00F1-4974-8893-EB68A0E9CF80}.Release|x86.ActiveCfg = Release|Win32
		{EDA27A26-00F1-4974-8893-EB68A0E9CF80}.Release|x86.Build.0 = Release|Win32
		{CCE44E39-C557-4179-AEAA-633405C9C3E8}.Debug|x64.ActiveCfg = Debug|x64
		{CCE44E39-C557-4179-AEAA-633405C9C3E8}.Debug|x64.Build.0 = Debug|x64
		{CCE44E39-C557-4179-AEAA-633405C9C3E8}.Debug|x86.ActiveCfg = Debug|Win32
		{CCE44E39-C557-4179-AEAA-633405C9C3E8}.Debug|x86.Build.0 = Debug|Win32
		{CCE44E39-C557-4179-AEAA-633405C9C3E8}.Release|x64.ActiveCfg = Release|x64
		{CCE44E39-C557-4179-AEAA-633405C9C3E8}.Release|x64.Build.0 = Release|x64
		{CCE44E39-C557-4179-AEAA-633405C9C3E8}.Release|x86.ActiveCfg = Release|Win32
		{CCE44E39-C557-4179-AEAA-633405C9C3E8}.Release|x86.Build.0 = Release|Win32
		{13C2500A-073B-4093-84EE-46C62D757FC6}.Debug|x64.ActiveCfg = Debug|x64
		{13C2500A-073B-4093-84EE-46C62D757FC6}.Debug|x64.Build.0 = Debug|x64
		{13C2500A-073B-4093-84EE-46C62D757FC6}.Debug|x86.ActiveCfg = Debug|Win32
		{13C2500A-073B-4093-84EE-46C62D757FC6}.Debug|x86.Build.0 = Debug|Win32
		{13C2500A-073B-4093-84EE-46C62D757FC6}.Release|x64.ActiveCfg = Release|x64
		{13C2500A-073B-4093-84EE-46C62D757FC6}.Release|x64.Build.0 = Release|x64
		{13C2500A-073B-4093-84EE-46C62D757FC6}.Release|x86.ActiveCfg = Release|Win32
		{13C2500A-073B-4093-84EE-46C62D757FC6}.Release|x86.Build.0 = Release|Win32
		{EF2B7D84-F802-4931-95C2-175055556A7C}.Debug|x64.ActiveCfg = Debug|x64
		{EF2B7D84-F802-4931-95C2-175055556A7C}.Debug|x64.Build.0 = Debug|x64
		{EF2B7D84-F802-4931-95C2-175055556A7C}.Debug|x86.ActiveCfg = Debug|Win32
		{EF2B7D84-F802-4931-95C2-175055556A7C}.Debug|x86.Build.0 = Debug|Win32
		{EF2B7D84-F802-4931-95C2-175055556A7C}.Release|x64.ActiveCfg = Release|x64
		{EF2B7D84-F802-4931-95C2-175055556A7C}.Release|x64.Build.0 = Release|x64
		{EF2B7D84-F802-4931-95C2-175055556A7C}.Release|x86.ActiveCfg = Release|Win32
		{EF2B7D84-F802-4931-95C2-175055556A7C}.Release|x86.Build.0 = Release|Win32
		{86BA7D32-AA03-46B8-8AE3-424776F176B7}.Debug|x64.ActiveCfg = Debug|x64
		{86BA7D32-AA03-46B8-8AE3-424776F176B7}.Debug|x64.Build.0 = Debug|x64
		{86BA7D32-AA03-46B8-8AE3-424776F176B7}.Debug|x86.ActiveCfg = Debug|Win32
		{86BA7D32-AA03-46B8-8AE3-424776F176B7}.Debug|x86.Build.0 = Debug|Win32
		{86BA7D32-AA03-46B8-8AE3-424776F176B7}.Release|x64.ActiveCfg = Release|x64
		{86BA7D32-AA03-46B8-8AE3-424776F176B7}.Release|x64.Build.0 = Release|x64
		{86BA7D32-AA03-46B8-8AE3-424776F176B7}.Release|x86.ActiveCfg = Release|Win32
		{86BA7D32-AA03-46B8-8AE3-424776F176B7}.Release|x86.Build.0 = Release|Win32
		{1F910810-D58E-4CAF-A1D5-1C1C7C251F29}.Debug|x64.ActiveCfg = Debug|x64
		{1F910810-D58E-4CAF-A1D5-1C1C7C251F29}.Debug|x64.Build.0 = Debug|x64
		{1F910810-D58E-4CAF-A1D5-1C1C7C251F29}.Debug|x86.ActiveCfg = Debug|Win32
		{1F910810-D58E-4CAF-A1D5-1C1C7C251F29}.Debug|x86.Build.0 = Debug|Win32
		{1F910810-D58E-4CAF-A1D5-1C1C7C251F29}.Release|x64.ActiveCfg = Release|x64
		{1F910810-D58E-4CAF-A1D5-1C1C7C251F29}.Release|x64.Build.0 = Release|x64
		{1F910810-D58E-4CAF-A1D5-1C1C7C251F29}.Release|x86.ActiveCfg = Release|Win32
		{1F910810-D58E-4CAF-A1D5-1C1C7C251F29}.Release|x86.Build.0 = Release|Win32
		{E5A1C09C-91D9-4F45-939C-265FBFC76A57}.Debug|x64.ActiveCfg = Debug|x64
		{E5A1C09C-91D9-4F45-939C-265FBFC76A57}.Debug|x64.Build.0 = Debug|x64
		{E5A1C09C-91D9-4F45-939C-265FBFC76A57}.Debug|x86.ActiveCfg = Debug|Win32
		{E5A1C09C-91D9-4F45-939C-265FBFC76A57}.Debug|x86.Build.0 = Debug|Win32
		{E5A1C09C-91D9-4F45-939C-265FBFC76A57}.Release|x64.ActiveCfg = Release|x64
		{E5A1C09C-91D9-4F45-939C-265FBFC76A57}.Release|x64.Build.0 = Release|x64
		{E5A1C09C-91D9-4F45-939C-265FBFC76A57}.Release|x86.ActiveCfg = Release|Win32
		{E5A1C09C-91D9-4F45-939C-265FBFC76A57}.Release|x86.Build.0 = Release|Win32
	EndGlobalSection
	GlobalSection(SolutionProperties) = preSolution
		HideSolutionNode = FALSE
	EndGlobalSection
	GlobalSection(ExtensibilityGlobals) = postSolution
		SolutionGuid = {B065FC29-C603-4315-A16F-81F0D323A743}
	EndGlobalSection
EndGlobal
